
Microsoft Visual Studio Solution File, Format Version 12.00
# Visual Studio Version 17
VisualStudioVersion = 17.4.33205.214
MinimumVisualStudioVersion = 10.0.40219.1
Project("{2150E333-8FDC-42A3-9474-1A3956D46DE8}") = "CMakePredefinedTargets", "CMakePredefinedTargets", "{1E2C9D21-2909-3A30-B14B-30B1E762D012}"
EndProject
Project("{2150E333-8FDC-42A3-9474-1A3956D46DE8}") = "External", "External", "{078D2E64-3CC9-31A5-9518-5D087955852C}"
EndProject
Project("{2150E333-8FDC-42A3-9474-1A3956D46DE8}") = "Internal", "Internal", "{127B46A5-9340-3017-923B-2C480DEB2A8F}"
EndProject
Project("{2150E333-8FDC-42A3-9474-1A3956D46DE8}") = "Utils", "Utils", "{1053B600-A4CD-3FD7-A156-22ED6E0B7BBF}"
EndProject
Project("{8BC9CEB8-8B4A-11D0-8D11-00A0C91BC942}") = "NotPicoPark", "NotPicoPark.vcxproj", "{C7CB2D66-52BF-39FD-A9C4-A5925E4456FA}"
	ProjectSection(ProjectDependencies) = postProject
		{734E315A-37DD-3FAA-86DD-C0BAE9DB040C} = {734E315A-37DD-3FAA-86DD-C0BAE9DB040C}
		{BE500321-782F-3906-990C-189037648A3F} = {BE500321-782F-3906-990C-189037648A3F}
		{B80CCB02-C611-3B4E-8636-80BF7B33F171} = {B80CCB02-C611-3B4E-8636-80BF7B33F171}
		{3B5D01CC-071D-3DD6-BB60-5756DFEEDD05} = {3B5D01CC-071D-3DD6-BB60-5756DFEEDD05}
		{CCDFDDE6-DA68-3A1A-8D02-4ACB1F7B36DA} = {CCDFDDE6-DA68-3A1A-8D02-4ACB1F7B36DA}
		{0A843F37-062F-396B-AEEA-D1E4988EA0E8} = {0A843F37-062F-396B-AEEA-D1E4988EA0E8}
		{B5FE59A8-FC2B-3AA3-8AEB-F7A6EF1FF650} = {B5FE59A8-FC2B-3AA3-8AEB-F7A6EF1FF650}
		{A8360EB1-31E9-3460-A933-117DA55FA8A6} = {A8360EB1-31E9-3460-A933-117DA55FA8A6}
		{837F916D-4FAD-3C41-A8E6-8B38976682D6} = {837F916D-4FAD-3C41-A8E6-8B38976682D6}
		{2A5B933C-4A86-3A0F-B197-7B4D1969A512} = {2A5B933C-4A86-3A0F-B197-7B4D1969A512}
		{E4FEF870-1BBB-3199-B1DA-08080A9588CD} = {E4FEF870-1BBB-3199-B1DA-08080A9588CD}
		{CBE2F60A-7C4F-31DD-AD9B-278BC122E8D6} = {CBE2F60A-7C4F-31DD-AD9B-278BC122E8D6}
		{BB0844BD-6011-3994-B72D-172976109133} = {BB0844BD-6011-3994-B72D-172976109133}
		{693E17BB-22CA-3139-9672-4F97B4CD6CC7} = {693E17BB-22CA-3139-9672-4F97B4CD6CC7}
	EndProjectSection
EndProject
Project("{8BC9CEB8-8B4A-11D0-8D11-00A0C91BC942}") = "SYNC_RESOURCE-NotPicoPark", "SYNC_RESOURCE-NotPicoPark.vcxproj", "{734E315A-37DD-3FAA-86DD-C0BAE9DB040C}"
	ProjectSection(ProjectDependencies) = postProject
		{BE500321-782F-3906-990C-189037648A3F} = {BE500321-782F-3906-990C-189037648A3F}
	EndProjectSection
EndProject
Project("{8BC9CEB8-8B4A-11D0-8D11-00A0C91BC942}") = "ZERO_CHECK", "ZERO_CHECK.vcxproj", "{BE500321-782F-3906-990C-189037648A3F}"
EndProject
Project("{8BC9CEB8-8B4A-11D0-8D11-00A0C91BC942}") = "cocos2d", "engine\cocos\core\cocos2d.vcxproj", "{B80CCB02-C611-3B4E-8636-80BF7B33F171}"
	ProjectSection(ProjectDependencies) = postProject
		{BE500321-782F-3906-990C-189037648A3F} = {BE500321-782F-3906-990C-189037648A3F}
		{3B5D01CC-071D-3DD6-BB60-5756DFEEDD05} = {3B5D01CC-071D-3DD6-BB60-5756DFEEDD05}
		{CCDFDDE6-DA68-3A1A-8D02-4ACB1F7B36DA} = {CCDFDDE6-DA68-3A1A-8D02-4ACB1F7B36DA}
		{0A843F37-062F-396B-AEEA-D1E4988EA0E8} = {0A843F37-062F-396B-AEEA-D1E4988EA0E8}
		{B5FE59A8-FC2B-3AA3-8AEB-F7A6EF1FF650} = {B5FE59A8-FC2B-3AA3-8AEB-F7A6EF1FF650}
		{A8360EB1-31E9-3460-A933-117DA55FA8A6} = {A8360EB1-31E9-3460-A933-117DA55FA8A6}
		{837F916D-4FAD-3C41-A8E6-8B38976682D6} = {837F916D-4FAD-3C41-A8E6-8B38976682D6}
		{2A5B933C-4A86-3A0F-B197-7B4D1969A512} = {2A5B933C-4A86-3A0F-B197-7B4D1969A512}
		{E4FEF870-1BBB-3199-B1DA-08080A9588CD} = {E4FEF870-1BBB-3199-B1DA-08080A9588CD}
		{CBE2F60A-7C4F-31DD-AD9B-278BC122E8D6} = {CBE2F60A-7C4F-31DD-AD9B-278BC122E8D6}
		{BB0844BD-6011-3994-B72D-172976109133} = {BB0844BD-6011-3994-B72D-172976109133}
		{693E17BB-22CA-3139-9672-4F97B4CD6CC7} = {693E17BB-22CA-3139-9672-4F97B4CD6CC7}
	EndProjectSection
EndProject
Project("{8BC9CEB8-8B4A-11D0-8D11-00A0C91BC942}") = "ext_clipper", "engine\external\clipper\ext_clipper.vcxproj", "{3B5D01CC-071D-3DD6-BB60-5756DFEEDD05}"
	ProjectSection(ProjectDependencies) = postProject
		{BE500321-782F-3906-990C-189037648A3F} = {BE500321-782F-3906-990C-189037648A3F}
	EndProjectSection
EndProject
Project("{8BC9CEB8-8B4A-11D0-8D11-00A0C91BC942}") = "ext_convertUTF", "engine\external\ConvertUTF\ext_convertUTF.vcxproj", "{CCDFDDE6-DA68-3A1A-8D02-4ACB1F7B36DA}"
	ProjectSection(ProjectDependencies) = postProject
		{BE500321-782F-3906-990C-189037648A3F} = {BE500321-782F-3906-990C-189037648A3F}
	EndProjectSection
EndProject
Project("{8BC9CEB8-8B4A-11D0-8D11-00A0C91BC942}") = "ext_edtaa3func", "engine\external\edtaa3func\ext_edtaa3func.vcxproj", "{0A843F37-062F-396B-AEEA-D1E4988EA0E8}"
	ProjectSection(ProjectDependencies) = postProject
		{BE500321-782F-3906-990C-189037648A3F} = {BE500321-782F-3906-990C-189037648A3F}
	EndProjectSection
EndProject
Project("{8BC9CEB8-8B4A-11D0-8D11-00A0C91BC942}") = "ext_md5", "engine\external\md5\ext_md5.vcxproj", "{B5FE59A8-FC2B-3AA3-8AEB-F7A6EF1FF650}"
	ProjectSection(ProjectDependencies) = postProject
		{BE500321-782F-3906-990C-189037648A3F} = {BE500321-782F-3906-990C-189037648A3F}
	EndProjectSection
EndProject
Project("{8BC9CEB8-8B4A-11D0-8D11-00A0C91BC942}") = "ext_poly2tri", "engine\external\poly2tri\ext_poly2tri.vcxproj", "{A8360EB1-31E9-3460-A933-117DA55FA8A6}"
	ProjectSection(ProjectDependencies) = postProject
		{BE500321-782F-3906-990C-189037648A3F} = {BE500321-782F-3906-990C-189037648A3F}
	EndProjectSection
EndProject
Project("{8BC9CEB8-8B4A-11D0-8D11-00A0C91BC942}") = "ext_recast", "engine\external\recast\ext_recast.vcxproj", "{837F916D-4FAD-3C41-A8E6-8B38976682D6}"
	ProjectSection(ProjectDependencies) = postProject
		{BE500321-782F-3906-990C-189037648A3F} = {BE500321-782F-3906-990C-189037648A3F}
	EndProjectSection
EndProject
Project("{8BC9CEB8-8B4A-11D0-8D11-00A0C91BC942}") = "ext_tinyxml2", "engine\external\tinyxml2\ext_tinyxml2.vcxproj", "{2A5B933C-4A86-3A0F-B197-7B4D1969A512}"
	ProjectSection(ProjectDependencies) = postProject
		{BE500321-782F-3906-990C-189037648A3F} = {BE500321-782F-3906-990C-189037648A3F}
	EndProjectSection
EndProject
Project("{8BC9CEB8-8B4A-11D0-8D11-00A0C91BC942}") = "ext_unzip", "engine\external\unzip\ext_unzip.vcxproj", "{E4FEF870-1BBB-3199-B1DA-08080A9588CD}"
	ProjectSection(ProjectDependencies) = postProject
		{BE500321-782F-3906-990C-189037648A3F} = {BE500321-782F-3906-990C-189037648A3F}
	EndProjectSection
EndProject
Project("{8BC9CEB8-8B4A-11D0-8D11-00A0C91BC942}") = "ext_xxhash", "engine\external\xxhash\ext_xxhash.vcxproj", "{CBE2F60A-7C4F-31DD-AD9B-278BC122E8D6}"
	ProjectSection(ProjectDependencies) = postProject
		{BE500321-782F-3906-990C-189037648A3F} = {BE500321-782F-3906-990C-189037648A3F}
	EndProjectSection
EndProject
Project("{8BC9CEB8-8B4A-11D0-8D11-00A0C91BC942}") = "ext_xxtea", "engine\external\xxtea\ext_xxtea.vcxproj", "{BB0844BD-6011-3994-B72D-172976109133}"
	ProjectSection(ProjectDependencies) = postProject
		{BE500321-782F-3906-990C-189037648A3F} = {BE500321-782F-3906-990C-189037648A3F}
	EndProjectSection
EndProject
Project("{8BC9CEB8-8B4A-11D0-8D11-00A0C91BC942}") = "external", "engine\external\external.vcxproj", "{693E17BB-22CA-3139-9672-4F97B4CD6CC7}"
	ProjectSection(ProjectDependencies) = postProject
		{BE500321-782F-3906-990C-189037648A3F} = {BE500321-782F-3906-990C-189037648A3F}
		{3B5D01CC-071D-3DD6-BB60-5756DFEEDD05} = {3B5D01CC-071D-3DD6-BB60-5756DFEEDD05}
		{CCDFDDE6-DA68-3A1A-8D02-4ACB1F7B36DA} = {CCDFDDE6-DA68-3A1A-8D02-4ACB1F7B36DA}
		{0A843F37-062F-396B-AEEA-D1E4988EA0E8} = {0A843F37-062F-396B-AEEA-D1E4988EA0E8}
		{B5FE59A8-FC2B-3AA3-8AEB-F7A6EF1FF650} = {B5FE59A8-FC2B-3AA3-8AEB-F7A6EF1FF650}
		{A8360EB1-31E9-3460-A933-117DA55FA8A6} = {A8360EB1-31E9-3460-A933-117DA55FA8A6}
		{837F916D-4FAD-3C41-A8E6-8B38976682D6} = {837F916D-4FAD-3C41-A8E6-8B38976682D6}
		{2A5B933C-4A86-3A0F-B197-7B4D1969A512} = {2A5B933C-4A86-3A0F-B197-7B4D1969A512}
		{E4FEF870-1BBB-3199-B1DA-08080A9588CD} = {E4FEF870-1BBB-3199-B1DA-08080A9588CD}
		{CBE2F60A-7C4F-31DD-AD9B-278BC122E8D6} = {CBE2F60A-7C4F-31DD-AD9B-278BC122E8D6}
		{BB0844BD-6011-3994-B72D-172976109133} = {BB0844BD-6011-3994-B72D-172976109133}
	EndProjectSection
EndProject
Global
	GlobalSection(SolutionConfigurationPlatforms) = preSolution
		Debug|Win32 = Debug|Win32
		MinSizeRel|Win32 = MinSizeRel|Win32
		Release|Win32 = Release|Win32
		RelWithDebInfo|Win32 = RelWithDebInfo|Win32
	EndGlobalSection
	GlobalSection(ProjectConfigurationPlatforms) = postSolution
		{C7CB2D66-52BF-39FD-A9C4-A5925E4456FA}.Debug|Win32.ActiveCfg = Debug|Win32
		{C7CB2D66-52BF-39FD-A9C4-A5925E4456FA}.Debug|Win32.Build.0 = Debug|Win32
		{C7CB2D66-52BF-39FD-A9C4-A5925E4456FA}.MinSizeRel|Win32.ActiveCfg = MinSizeRel|Win32
		{C7CB2D66-52BF-39FD-A9C4-A5925E4456FA}.MinSizeRel|Win32.Build.0 = MinSizeRel|Win32
		{C7CB2D66-52BF-39FD-A9C4-A5925E4456FA}.Release|Win32.ActiveCfg = Release|Win32
		{C7CB2D66-52BF-39FD-A9C4-A5925E4456FA}.Release|Win32.Build.0 = Release|Win32
		{C7CB2D66-52BF-39FD-A9C4-A5925E4456FA}.RelWithDebInfo|Win32.ActiveCfg = RelWithDebInfo|Win32
		{C7CB2D66-52BF-39FD-A9C4-A5925E4456FA}.RelWithDebInfo|Win32.Build.0 = RelWithDebInfo|Win32
		{734E315A-37DD-3FAA-86DD-C0BAE9DB040C}.Debug|Win32.ActiveCfg = Debug|Win32
		{734E315A-37DD-3FAA-86DD-C0BAE9DB040C}.Debug|Win32.Build.0 = Debug|Win32
		{734E315A-37DD-3FAA-86DD-C0BAE9DB040C}.MinSizeRel|Win32.ActiveCfg = MinSizeRel|Win32
		{734E315A-37DD-3FAA-86DD-C0BAE9DB040C}.MinSizeRel|Win32.Build.0 = MinSizeRel|Win32
		{734E315A-37DD-3FAA-86DD-C0BAE9DB040C}.Release|Win32.ActiveCfg = Release|Win32
		{734E315A-37DD-3FAA-86DD-C0BAE9DB040C}.Release|Win32.Build.0 = Release|Win32
		{734E315A-37DD-3FAA-86DD-C0BAE9DB040C}.RelWithDebInfo|Win32.ActiveCfg = RelWithDebInfo|Win32
		{734E315A-37DD-3FAA-86DD-C0BAE9DB040C}.RelWithDebInfo|Win32.Build.0 = RelWithDebInfo|Win32
		{BE500321-782F-3906-990C-189037648A3F}.Debug|Win32.ActiveCfg = Debug|Win32
		{BE500321-782F-3906-990C-189037648A3F}.Debug|Win32.Build.0 = Debug|Win32
		{BE500321-782F-3906-990C-189037648A3F}.MinSizeRel|Win32.ActiveCfg = MinSizeRel|Win32
		{BE500321-782F-3906-990C-189037648A3F}.MinSizeRel|Win32.Build.0 = MinSizeRel|Win32
		{BE500321-782F-3906-990C-189037648A3F}.Release|Win32.ActiveCfg = Release|Win32
		{BE500321-782F-3906-990C-189037648A3F}.Release|Win32.Build.0 = Release|Win32
		{BE500321-782F-3906-990C-189037648A3F}.RelWithDebInfo|Win32.ActiveCfg = RelWithDebInfo|Win32
		{BE500321-782F-3906-990C-189037648A3F}.RelWithDebInfo|Win32.Build.0 = RelWithDebInfo|Win32
		{B80CCB02-C611-3B4E-8636-80BF7B33F171}.Debug|Win32.ActiveCfg = Debug|Win32
		{B80CCB02-C611-3B4E-8636-80BF7B33F171}.Debug|Win32.Build.0 = Debug|Win32
		{B80CCB02-C611-3B4E-8636-80BF7B33F171}.MinSizeRel|Win32.ActiveCfg = MinSizeRel|Win32
		{B80CCB02-C611-3B4E-8636-80BF7B33F171}.MinSizeRel|Win32.Build.0 = MinSizeRel|Win32
		{B80CCB02-C611-3B4E-8636-80BF7B33F171}.Release|Win32.ActiveCfg = Release|Win32
		{B80CCB02-C611-3B4E-8636-80BF7B33F171}.Release|Win32.Build.0 = Release|Win32
		{B80CCB02-C611-3B4E-8636-80BF7B33F171}.RelWithDebInfo|Win32.ActiveCfg = RelWithDebInfo|Win32
		{B80CCB02-C611-3B4E-8636-80BF7B33F171}.RelWithDebInfo|Win32.Build.0 = RelWithDebInfo|Win32
		{3B5D01CC-071D-3DD6-BB60-5756DFEEDD05}.Debug|Win32.ActiveCfg = Debug|Win32
		{3B5D01CC-071D-3DD6-BB60-5756DFEEDD05}.Debug|Win32.Build.0 = Debug|Win32
		{3B5D01CC-071D-3DD6-BB60-5756DFEEDD05}.MinSizeRel|Win32.ActiveCfg = MinSizeRel|Win32
		{3B5D01CC-071D-3DD6-BB60-5756DFEEDD05}.MinSizeRel|Win32.Build.0 = MinSizeRel|Win32
		{3B5D01CC-071D-3DD6-BB60-5756DFEEDD05}.Release|Win32.ActiveCfg = Release|Win32
		{3B5D01CC-071D-3DD6-BB60-5756DFEEDD05}.Release|Win32.Build.0 = Release|Win32
		{3B5D01CC-071D-3DD6-BB60-5756DFEEDD05}.RelWithDebInfo|Win32.ActiveCfg = RelWithDebInfo|Win32
		{3B5D01CC-071D-3DD6-BB60-5756DFEEDD05}.RelWithDebInfo|Win32.Build.0 = RelWithDebInfo|Win32
		{CCDFDDE6-DA68-3A1A-8D02-4ACB1F7B36DA}.Debug|Win32.ActiveCfg = Debug|Win32
		{CCDFDDE6-DA68-3A1A-8D02-4ACB1F7B36DA}.Debug|Win32.Build.0 = Debug|Win32
		{CCDFDDE6-DA68-3A1A-8D02-4ACB1F7B36DA}.MinSizeRel|Win32.ActiveCfg = MinSizeRel|Win32
		{CCDFDDE6-DA68-3A1A-8D02-4ACB1F7B36DA}.MinSizeRel|Win32.Build.0 = MinSizeRel|Win32
		{CCDFDDE6-DA68-3A1A-8D02-4ACB1F7B36DA}.Release|Win32.ActiveCfg = Release|Win32
		{CCDFDDE6-DA68-3A1A-8D02-4ACB1F7B36DA}.Release|Win32.Build.0 = Release|Win32
		{CCDFDDE6-DA68-3A1A-8D02-4ACB1F7B36DA}.RelWithDebInfo|Win32.ActiveCfg = RelWithDebInfo|Win32
		{CCDFDDE6-DA68-3A1A-8D02-4ACB1F7B36DA}.RelWithDebInfo|Win32.Build.0 = RelWithDebInfo|Win32
		{0A843F37-062F-396B-AEEA-D1E4988EA0E8}.Debug|Win32.ActiveCfg = Debug|Win32
		{0A843F37-062F-396B-AEEA-D1E4988EA0E8}.Debug|Win32.Build.0 = Debug|Win32
		{0A843F37-062F-396B-AEEA-D1E4988EA0E8}.MinSizeRel|Win32.ActiveCfg = MinSizeRel|Win32
		{0A843F37-062F-396B-AEEA-D1E4988EA0E8}.MinSizeRel|Win32.Build.0 = MinSizeRel|Win32
		{0A843F37-062F-396B-AEEA-D1E4988EA0E8}.Release|Win32.ActiveCfg = Release|Win32
		{0A843F37-062F-396B-AEEA-D1E4988EA0E8}.Release|Win32.Build.0 = Release|Win32
		{0A843F37-062F-396B-AEEA-D1E4988EA0E8}.RelWithDebInfo|Win32.ActiveCfg = RelWithDebInfo|Win32
		{0A843F37-062F-396B-AEEA-D1E4988EA0E8}.RelWithDebInfo|Win32.Build.0 = RelWithDebInfo|Win32
		{B5FE59A8-FC2B-3AA3-8AEB-F7A6EF1FF650}.Debug|Win32.ActiveCfg = Debug|Win32
		{B5FE59A8-FC2B-3AA3-8AEB-F7A6EF1FF650}.Debug|Win32.Build.0 = Debug|Win32
		{B5FE59A8-FC2B-3AA3-8AEB-F7A6EF1FF650}.MinSizeRel|Win32.ActiveCfg = MinSizeRel|Win32
		{B5FE59A8-FC2B-3AA3-8AEB-F7A6EF1FF650}.MinSizeRel|Win32.Build.0 = MinSizeRel|Win32
		{B5FE59A8-FC2B-3AA3-8AEB-F7A6EF1FF650}.Release|Win32.ActiveCfg = Release|Win32
		{B5FE59A8-FC2B-3AA3-8AEB-F7A6EF1FF650}.Release|Win32.Build.0 = Release|Win32
		{B5FE59A8-FC2B-3AA3-8AEB-F7A6EF1FF650}.RelWithDebInfo|Win32.ActiveCfg = RelWithDebInfo|Win32
		{B5FE59A8-FC2B-3AA3-8AEB-F7A6EF1FF650}.RelWithDebInfo|Win32.Build.0 = RelWithDebInfo|Win32
		{A8360EB1-31E9-3460-A933-117DA55FA8A6}.Debug|Win32.ActiveCfg = Debug|Win32
		{A8360EB1-31E9-3460-A933-117DA55FA8A6}.Debug|Win32.Build.0 = Debug|Win32
		{A8360EB1-31E9-3460-A933-117DA55FA8A6}.MinSizeRel|Win32.ActiveCfg = MinSizeRel|Win32
		{A8360EB1-31E9-3460-A933-117DA55FA8A6}.MinSizeRel|Win32.Build.0 = MinSizeRel|Win32
		{A8360EB1-31E9-3460-A933-117DA55FA8A6}.Release|Win32.ActiveCfg = Release|Win32
		{A8360EB1-31E9-3460-A933-117DA55FA8A6}.Release|Win32.Build.0 = Release|Win32
		{A8360EB1-31E9-3460-A933-117DA55FA8A6}.RelWithDebInfo|Win32.ActiveCfg = RelWithDebInfo|Win32
		{A8360EB1-31E9-3460-A933-117DA55FA8A6}.RelWithDebInfo|Win32.Build.0 = RelWithDebInfo|Win32
		{837F916D-4FAD-3C41-A8E6-8B38976682D6}.Debug|Win32.ActiveCfg = Debug|Win32
		{837F916D-4FAD-3C41-A8E6-8B38976682D6}.Debug|Win32.Build.0 = Debug|Win32
		{837F916D-4FAD-3C41-A8E6-8B38976682D6}.MinSizeRel|Win32.ActiveCfg = MinSizeRel|Win32
		{837F916D-4FAD-3C41-A8E6-8B38976682D6}.MinSizeRel|Win32.Build.0 = MinSizeRel|Win32
		{837F916D-4FAD-3C41-A8E6-8B38976682D6}.Release|Win32.ActiveCfg = Release|Win32
		{837F916D-4FAD-3C41-A8E6-8B38976682D6}.Release|Win32.Build.0 = Release|Win32
		{837F916D-4FAD-3C41-A8E6-8B38976682D6}.RelWithDebInfo|Win32.ActiveCfg = RelWithDebInfo|Win32
		{837F916D-4FAD-3C41-A8E6-8B38976682D6}.RelWithDebInfo|Win32.Build.0 = RelWithDebInfo|Win32
		{2A5B933C-4A86-3A0F-B197-7B4D1969A512}.Debug|Win32.ActiveCfg = Debug|Win32
		{2A5B933C-4A86-3A0F-B197-7B4D1969A512}.Debug|Win32.Build.0 = Debug|Win32
		{2A5B933C-4A86-3A0F-B197-7B4D1969A512}.MinSizeRel|Win32.ActiveCfg = MinSizeRel|Win32
		{2A5B933C-4A86-3A0F-B197-7B4D1969A512}.MinSizeRel|Win32.Build.0 = MinSizeRel|Win32
		{2A5B933C-4A86-3A0F-B197-7B4D1969A512}.Release|Win32.ActiveCfg = Release|Win32
		{2A5B933C-4A86-3A0F-B197-7B4D1969A512}.Release|Win32.Build.0 = Release|Win32
		{2A5B933C-4A86-3A0F-B197-7B4D1969A512}.RelWithDebInfo|Win32.ActiveCfg = RelWithDebInfo|Win32
		{2A5B933C-4A86-3A0F-B197-7B4D1969A512}.RelWithDebInfo|Win32.Build.0 = RelWithDebInfo|Win32
		{E4FEF870-1BBB-3199-B1DA-08080A9588CD}.Debug|Win32.ActiveCfg = Debug|Win32
		{E4FEF870-1BBB-3199-B1DA-08080A9588CD}.Debug|Win32.Build.0 = Debug|Win32
		{E4FEF870-1BBB-3199-B1DA-08080A9588CD}.MinSizeRel|Win32.ActiveCfg = MinSizeRel|Win32
		{E4FEF870-1BBB-3199-B1DA-08080A9588CD}.MinSizeRel|Win32.Build.0 = MinSizeRel|Win32
		{E4FEF870-1BBB-3199-B1DA-08080A9588CD}.Release|Win32.ActiveCfg = Release|Win32
		{E4FEF870-1BBB-3199-B1DA-08080A9588CD}.Release|Win32.Build.0 = Release|Win32
		{E4FEF870-1BBB-3199-B1DA-08080A9588CD}.RelWithDebInfo|Win32.ActiveCfg = RelWithDebInfo|Win32
		{E4FEF870-1BBB-3199-B1DA-08080A9588CD}.RelWithDebInfo|Win32.Build.0 = RelWithDebInfo|Win32
		{CBE2F60A-7C4F-31DD-AD9B-278BC122E8D6}.Debug|Win32.ActiveCfg = Debug|Win32
		{CBE2F60A-7C4F-31DD-AD9B-278BC122E8D6}.Debug|Win32.Build.0 = Debug|Win32
		{CBE2F60A-7C4F-31DD-AD9B-278BC122E8D6}.MinSizeRel|Win32.ActiveCfg = MinSizeRel|Win32
		{CBE2F60A-7C4F-31DD-AD9B-278BC122E8D6}.MinSizeRel|Win32.Build.0 = MinSizeRel|Win32
		{CBE2F60A-7C4F-31DD-AD9B-278BC122E8D6}.Release|Win32.ActiveCfg = Release|Win32
		{CBE2F60A-7C4F-31DD-AD9B-278BC122E8D6}.Release|Win32.Build.0 = Release|Win32
		{CBE2F60A-7C4F-31DD-AD9B-278BC122E8D6}.RelWithDebInfo|Win32.ActiveCfg = RelWithDebInfo|Win32
		{CBE2F60A-7C4F-31DD-AD9B-278BC122E8D6}.RelWithDebInfo|Win32.Build.0 = RelWithDebInfo|Win32
		{BB0844BD-6011-3994-B72D-172976109133}.Debug|Win32.ActiveCfg = Debug|Win32
		{BB0844BD-6011-3994-B72D-172976109133}.Debug|Win32.Build.0 = Debug|Win32
		{BB0844BD-6011-3994-B72D-172976109133}.MinSizeRel|Win32.ActiveCfg = MinSizeRel|Win32
		{BB0844BD-6011-3994-B72D-172976109133}.MinSizeRel|Win32.Build.0 = MinSizeRel|Win32
		{BB0844BD-6011-3994-B72D-172976109133}.Release|Win32.ActiveCfg = Release|Win32
		{BB0844BD-6011-3994-B72D-172976109133}.Release|Win32.Build.0 = Release|Win32
		{BB0844BD-6011-3994-B72D-172976109133}.RelWithDebInfo|Win32.ActiveCfg = RelWithDebInfo|Win32
		{BB0844BD-6011-3994-B72D-172976109133}.RelWithDebInfo|Win32.Build.0 = RelWithDebInfo|Win32
		{693E17BB-22CA-3139-9672-4F97B4CD6CC7}.Debug|Win32.ActiveCfg = Debug|Win32
		{693E17BB-22CA-3139-9672-4F97B4CD6CC7}.Debug|Win32.Build.0 = Debug|Win32
		{693E17BB-22CA-3139-9672-4F97B4CD6CC7}.MinSizeRel|Win32.ActiveCfg = MinSizeRel|Win32
		{693E17BB-22CA-3139-9672-4F97B4CD6CC7}.MinSizeRel|Win32.Build.0 = MinSizeRel|Win32
		{693E17BB-22CA-3139-9672-4F97B4CD6CC7}.Release|Win32.ActiveCfg = Release|Win32
		{693E17BB-22CA-3139-9672-4F97B4CD6CC7}.Release|Win32.Build.0 = Release|Win32
		{693E17BB-22CA-3139-9672-4F97B4CD6CC7}.RelWithDebInfo|Win32.ActiveCfg = RelWithDebInfo|Win32
		{693E17BB-22CA-3139-9672-4F97B4CD6CC7}.RelWithDebInfo|Win32.Build.0 = RelWithDebInfo|Win32
	EndGlobalSection
	GlobalSection(SolutionProperties) = preSolution
		HideSolutionNode = FALSE
	EndGlobalSection
	GlobalSection(NestedProjects) = preSolution
		{734E315A-37DD-3FAA-86DD-C0BAE9DB040C} = {1053B600-A4CD-3FD7-A156-22ED6E0B7BBF}
		{BE500321-782F-3906-990C-189037648A3F} = {1E2C9D21-2909-3A30-B14B-30B1E762D012}
		{B80CCB02-C611-3B4E-8636-80BF7B33F171} = {127B46A5-9340-3017-923B-2C480DEB2A8F}
		{3B5D01CC-071D-3DD6-BB60-5756DFEEDD05} = {078D2E64-3CC9-31A5-9518-5D087955852C}
		{CCDFDDE6-DA68-3A1A-8D02-4ACB1F7B36DA} = {078D2E64-3CC9-31A5-9518-5D087955852C}
		{0A843F37-062F-396B-AEEA-D1E4988EA0E8} = {078D2E64-3CC9-31A5-9518-5D087955852C}
		{B5FE59A8-FC2B-3AA3-8AEB-F7A6EF1FF650} = {078D2E64-3CC9-31A5-9518-5D087955852C}
		{A8360EB1-31E9-3460-A933-117DA55FA8A6} = {078D2E64-3CC9-31A5-9518-5D087955852C}
		{837F916D-4FAD-3C41-A8E6-8B38976682D6} = {078D2E64-3CC9-31A5-9518-5D087955852C}
		{2A5B933C-4A86-3A0F-B197-7B4D1969A512} = {078D2E64-3CC9-31A5-9518-5D087955852C}
		{E4FEF870-1BBB-3199-B1DA-08080A9588CD} = {078D2E64-3CC9-31A5-9518-5D087955852C}
		{CBE2F60A-7C4F-31DD-AD9B-278BC122E8D6} = {078D2E64-3CC9-31A5-9518-5D087955852C}
		{BB0844BD-6011-3994-B72D-172976109133} = {078D2E64-3CC9-31A5-9518-5D087955852C}
		{693E17BB-22CA-3139-9672-4F97B4CD6CC7} = {078D2E64-3CC9-31A5-9518-5D087955852C}
	EndGlobalSection
	GlobalSection(ExtensibilityGlobals) = postSolution
		SolutionGuid = {E8BD537A-86B9-321E-A562-0CAA53A979EC}
	EndGlobalSection
EndGlobal
